
Microsoft Visual Studio Solution File, Format Version 12.00
# Visual Studio 2017
Project("{FAE04EC0-301F-11D3-BF4B-00C04F79EFBC}") = "FishMaster0224", "FishMaster0224.csproj", "{C02D7919-D3A2-16E9-B278-9030B0C50CD9}"
EndProject
Global
	GlobalSection(SolutionConfigurationPlatforms) = preSolution
		Debug|Any CPU = Debug|Any CPU
		Release|Any CPU = Release|Any CPU
	EndGlobalSection
	GlobalSection(ProjectConfigurationPlatforms) = postSolution
		{C02D7919-D3A2-16E9-B278-9030B0C50CD9}.Debug|Any CPU.ActiveCfg = Debug|Any CPU
		{C02D7919-D3A2-16E9-B278-9030B0C50CD9}.Debug|Any CPU.Build.0 = Debug|Any CPU
		{C02D7919-D3A2-16E9-B278-9030B0C50CD9}.Release|Any CPU.ActiveCfg = Release|Any CPU
		{C02D7919-D3A2-16E9-B278-9030B0C50CD9}.Release|Any CPU.Build.0 = Release|Any CPU
	EndGlobalSection
	GlobalSection(SolutionProperties) = preSolution
		HideSolutionNode = FALSE
	EndGlobalSection
EndGlobal
